
Microsoft Visual Studio Solution File, Format Version 12.00
Project("{FAE04EC0-301F-11D3-BF4B-00C04F79EFBC}") = "Day1", "Day1\Day1.csproj", "{DE0A58A0-AE95-4174-B065-8E1E9F4683D6}"
EndProject
Project("{FAE04EC0-301F-11D3-BF4B-00C04F79EFBC}") = "Day2", "Day2\Day2.csproj", "{A1B159C5-45B0-4980-A272-2DBDF564B3EE}"
EndProject
Project("{FAE04EC0-301F-11D3-BF4B-00C04F79EFBC}") = "Day3", "Day3\Day3.csproj", "{059ED42A-6DCE-4CD0-A99F-F6F1E5C5CBCE}"
EndProject
Project("{FAE04EC0-301F-11D3-BF4B-00C04F79EFBC}") = "Day4", "Day4\Day4.csproj", "{14A863C5-91AD-43A9-9A7D-43246A35C7C1}"
EndProject
Project("{FAE04EC0-301F-11D3-BF4B-00C04F79EFBC}") = "Day5", "Day5\Day5.csproj", "{C1B4B533-031A-49FE-A20C-A916D0F8BB1E}"
EndProject
Project("{FAE04EC0-301F-11D3-BF4B-00C04F79EFBC}") = "Day6", "Day6\Day6.csproj", "{376A090D-BBA4-45F2-9C86-139037C4F490}"
EndProject
Project("{FAE04EC0-301F-11D3-BF4B-00C04F79EFBC}") = "Day7", "Day7\Day7.csproj", "{CF2F6717-D816-49CA-80A3-D7C5D02EA12C}"
EndProject
Global
	GlobalSection(SolutionConfigurationPlatforms) = preSolution
		Debug|Any CPU = Debug|Any CPU
		Release|Any CPU = Release|Any CPU
	EndGlobalSection
	GlobalSection(ProjectConfigurationPlatforms) = postSolution
		{DE0A58A0-AE95-4174-B065-8E1E9F4683D6}.Debug|Any CPU.ActiveCfg = Debug|Any CPU
		{DE0A58A0-AE95-4174-B065-8E1E9F4683D6}.Debug|Any CPU.Build.0 = Debug|Any CPU
		{DE0A58A0-AE95-4174-B065-8E1E9F4683D6}.Release|Any CPU.ActiveCfg = Release|Any CPU
		{DE0A58A0-AE95-4174-B065-8E1E9F4683D6}.Release|Any CPU.Build.0 = Release|Any CPU
		{A1B159C5-45B0-4980-A272-2DBDF564B3EE}.Debug|Any CPU.ActiveCfg = Debug|Any CPU
		{A1B159C5-45B0-4980-A272-2DBDF564B3EE}.Debug|Any CPU.Build.0 = Debug|Any CPU
		{A1B159C5-45B0-4980-A272-2DBDF564B3EE}.Release|Any CPU.ActiveCfg = Release|Any CPU
		{A1B159C5-45B0-4980-A272-2DBDF564B3EE}.Release|Any CPU.Build.0 = Release|Any CPU
		{059ED42A-6DCE-4CD0-A99F-F6F1E5C5CBCE}.Debug|Any CPU.ActiveCfg = Debug|Any CPU
		{059ED42A-6DCE-4CD0-A99F-F6F1E5C5CBCE}.Debug|Any CPU.Build.0 = Debug|Any CPU
		{059ED42A-6DCE-4CD0-A99F-F6F1E5C5CBCE}.Release|Any CPU.ActiveCfg = Release|Any CPU
		{059ED42A-6DCE-4CD0-A99F-F6F1E5C5CBCE}.Release|Any CPU.Build.0 = Release|Any CPU
		{14A863C5-91AD-43A9-9A7D-43246A35C7C1}.Debug|Any CPU.ActiveCfg = Debug|Any CPU
		{14A863C5-91AD-43A9-9A7D-43246A35C7C1}.Debug|Any CPU.Build.0 = Debug|Any CPU
		{14A863C5-91AD-43A9-9A7D-43246A35C7C1}.Release|Any CPU.ActiveCfg = Release|Any CPU
		{14A863C5-91AD-43A9-9A7D-43246A35C7C1}.Release|Any CPU.Build.0 = Release|Any CPU
		{C1B4B533-031A-49FE-A20C-A916D0F8BB1E}.Debug|Any CPU.ActiveCfg = Debug|Any CPU
		{C1B4B533-031A-49FE-A20C-A916D0F8BB1E}.Debug|Any CPU.Build.0 = Debug|Any CPU
		{C1B4B533-031A-49FE-A20C-A916D0F8BB1E}.Release|Any CPU.ActiveCfg = Release|Any CPU
		{C1B4B533-031A-49FE-A20C-A916D0F8BB1E}.Release|Any CPU.Build.0 = Release|Any CPU
		{376A090D-BBA4-45F2-9C86-139037C4F490}.Debug|Any CPU.ActiveCfg = Debug|Any CPU
		{376A090D-BBA4-45F2-9C86-139037C4F490}.Debug|Any CPU.Build.0 = Debug|Any CPU
		{376A090D-BBA4-45F2-9C86-139037C4F490}.Release|Any CPU.ActiveCfg = Release|Any CPU
		{376A090D-BBA4-45F2-9C86-139037C4F490}.Release|Any CPU.Build.0 = Release|Any CPU
		{CF2F6717-D816-49CA-80A3-D7C5D02EA12C}.Debug|Any CPU.ActiveCfg = Debug|Any CPU
		{CF2F6717-D816-49CA-80A3-D7C5D02EA12C}.Debug|Any CPU.Build.0 = Debug|Any CPU
		{CF2F6717-D816-49CA-80A3-D7C5D02EA12C}.Release|Any CPU.ActiveCfg = Release|Any CPU
		{CF2F6717-D816-49CA-80A3-D7C5D02EA12C}.Release|Any CPU.Build.0 = Release|Any CPU
	EndGlobalSection
EndGlobal
